
Microsoft Visual Studio Solution File, Format Version 12.00
# Visual Studio Version 16
VisualStudioVersion = 16.0.31613.86
MinimumVisualStudioVersion = 10.0.40219.1
Project("{888888A0-9F3D-457C-B088-3A5042F75D52}") = "DjangoWeb", "DjangoWeb\DjangoWeb.pyproj", "{926A9701-3B21-49F3-8431-8B3933F03A69}"
EndProject
Global
	GlobalSection(SolutionConfigurationPlatforms) = preSolution
		Debug|Any CPU = Debug|Any CPU
		Release|Any CPU = Release|Any CPU
	EndGlobalSection
	GlobalSection(ProjectConfigurationPlatforms) = postSolution
		{926A9701-3B21-49F3-8431-8B3933F03A69}.Debug|Any CPU.ActiveCfg = Debug|Any CPU
		{926A9701-3B21-49F3-8431-8B3933F03A69}.Debug|Any CPU.Build.0 = Debug|Any CPU
		{926A9701-3B21-49F3-8431-8B3933F03A69}.Release|Any CPU.ActiveCfg = Release|Any CPU
		{926A9701-3B21-49F3-8431-8B3933F03A69}.Release|Any CPU.Build.0 = Release|Any CPU
	EndGlobalSection
	GlobalSection(SolutionProperties) = preSolution
		HideSolutionNode = FALSE
	EndGlobalSection
	GlobalSection(ExtensibilityGlobals) = postSolution
		SolutionGuid = {E18C4446-6C81-419F-B6FD-42AF7CB085B4}
	EndGlobalSection
EndGlobal
